
Microsoft Visual Studio Solution File, Format Version 12.00
# Visual Studio Version 17
VisualStudioVersion = 17.8.34322.80
MinimumVisualStudioVersion = 10.0.40219.1
Project("{FAE04EC0-301F-11D3-BF4B-00C04F79EFBC}") = "prueba tecnica", "prueba tecnica\prueba tecnica.csproj", "{3906517B-2490-493B-8A4F-922C40758E98}"
EndProject
Global
	GlobalSection(SolutionConfigurationPlatforms) = preSolution
		Debug|Any CPU = Debug|Any CPU
		Release|Any CPU = Release|Any CPU
	EndGlobalSection
	GlobalSection(ProjectConfigurationPlatforms) = postSolution
		{3906517B-2490-493B-8A4F-922C40758E98}.Debug|Any CPU.ActiveCfg = Debug|Any CPU
		{3906517B-2490-493B-8A4F-922C40758E98}.Debug|Any CPU.Build.0 = Debug|Any CPU
		{3906517B-2490-493B-8A4F-922C40758E98}.Release|Any CPU.ActiveCfg = Release|Any CPU
		{3906517B-2490-493B-8A4F-922C40758E98}.Release|Any CPU.Build.0 = Release|Any CPU
	EndGlobalSection
	GlobalSection(SolutionProperties) = preSolution
		HideSolutionNode = FALSE
	EndGlobalSection
	GlobalSection(ExtensibilityGlobals) = postSolution
		SolutionGuid = {3FD990C4-4525-4C94-8D6A-03E1B72E2FC1}
	EndGlobalSection
EndGlobal
